
Microsoft Visual Studio Solution File, Format Version 12.00
# Visual Studio Version 16
VisualStudioVersion = 16.0.30011.22
MinimumVisualStudioVersion = 10.0.40219.1
Project("{FAE04EC0-301F-11D3-BF4B-00C04F79EFBC}") = "Arknight_Recruit_Calculator", "Arknight_Recruit_Calculator\Arknight_Recruit_Calculator.csproj", "{ABB18F20-7B9F-4E87-B9C1-F1574C520F8D}"
EndProject
Global
	GlobalSection(SolutionConfigurationPlatforms) = preSolution
		Debug|Any CPU = Debug|Any CPU
		Release|Any CPU = Release|Any CPU
	EndGlobalSection
	GlobalSection(ProjectConfigurationPlatforms) = postSolution
		{ABB18F20-7B9F-4E87-B9C1-F1574C520F8D}.Debug|Any CPU.ActiveCfg = Debug|Any CPU
		{ABB18F20-7B9F-4E87-B9C1-F1574C520F8D}.Debug|Any CPU.Build.0 = Debug|Any CPU
		{ABB18F20-7B9F-4E87-B9C1-F1574C520F8D}.Release|Any CPU.ActiveCfg = Release|Any CPU
		{ABB18F20-7B9F-4E87-B9C1-F1574C520F8D}.Release|Any CPU.Build.0 = Release|Any CPU
	EndGlobalSection
	GlobalSection(SolutionProperties) = preSolution
		HideSolutionNode = FALSE
	EndGlobalSection
	GlobalSection(ExtensibilityGlobals) = postSolution
		SolutionGuid = {723DB297-C92C-491C-BE86-E103716D282D}
	EndGlobalSection
EndGlobal
